
Microsoft Visual Studio Solution File, Format Version 12.00
# Visual Studio 15
VisualStudioVersion = 15.0.28307.421
MinimumVisualStudioVersion = 10.0.40219.1
Project("{FAE04EC0-301F-11D3-BF4B-00C04F79EFBC}") = "1-PrimeiroProjeto", "1-PrimeiroProjeto\1-PrimeiroProjeto.csproj", "{37FDAB59-EC2A-43A6-ACB1-775C9FC4E21F}"
EndProject
Project("{FAE04EC0-301F-11D3-BF4B-00C04F79EFBC}") = "2-CriandoVariaveis", "2-CriandoVariaveis\2-CriandoVariaveis.csproj", "{B33FB9DF-F385-4625-A3A6-EF3CD875B39F}"
EndProject
Project("{FAE04EC0-301F-11D3-BF4B-00C04F79EFBC}") = "3-AprendendoVariaveisPontoFlutuante", "3-AprendendoVariaveisPontoFlutuante\3-AprendendoVariaveisPontoFlutuante.csproj", "{C7831EB9-CD4B-4944-AE2F-7F3BCAC03282}"
EndProject
Project("{FAE04EC0-301F-11D3-BF4B-00C04F79EFBC}") = "4-ConversoesEOutrosTiposNumericos", "4-ConversoesEOutrosTiposNumericos\4-ConversoesEOutrosTiposNumericos.csproj", "{8A1051DC-E3D4-4AE3-A5BF-30C534DD1020}"
EndProject
Global
	GlobalSection(SolutionConfigurationPlatforms) = preSolution
		Debug|Any CPU = Debug|Any CPU
		Release|Any CPU = Release|Any CPU
	EndGlobalSection
	GlobalSection(ProjectConfigurationPlatforms) = postSolution
		{37FDAB59-EC2A-43A6-ACB1-775C9FC4E21F}.Debug|Any CPU.ActiveCfg = Debug|Any CPU
		{37FDAB59-EC2A-43A6-ACB1-775C9FC4E21F}.Debug|Any CPU.Build.0 = Debug|Any CPU
		{37FDAB59-EC2A-43A6-ACB1-775C9FC4E21F}.Release|Any CPU.ActiveCfg = Release|Any CPU
		{37FDAB59-EC2A-43A6-ACB1-775C9FC4E21F}.Release|Any CPU.Build.0 = Release|Any CPU
		{B33FB9DF-F385-4625-A3A6-EF3CD875B39F}.Debug|Any CPU.ActiveCfg = Debug|Any CPU
		{B33FB9DF-F385-4625-A3A6-EF3CD875B39F}.Debug|Any CPU.Build.0 = Debug|Any CPU
		{B33FB9DF-F385-4625-A3A6-EF3CD875B39F}.Release|Any CPU.ActiveCfg = Release|Any CPU
		{B33FB9DF-F385-4625-A3A6-EF3CD875B39F}.Release|Any CPU.Build.0 = Release|Any CPU
		{C7831EB9-CD4B-4944-AE2F-7F3BCAC03282}.Debug|Any CPU.ActiveCfg = Debug|Any CPU
		{C7831EB9-CD4B-4944-AE2F-7F3BCAC03282}.Debug|Any CPU.Build.0 = Debug|Any CPU
		{C7831EB9-CD4B-4944-AE2F-7F3BCAC03282}.Release|Any CPU.ActiveCfg = Release|Any CPU
		{C7831EB9-CD4B-4944-AE2F-7F3BCAC03282}.Release|Any CPU.Build.0 = Release|Any CPU
		{8A1051DC-E3D4-4AE3-A5BF-30C534DD1020}.Debug|Any CPU.ActiveCfg = Debug|Any CPU
		{8A1051DC-E3D4-4AE3-A5BF-30C534DD1020}.Debug|Any CPU.Build.0 = Debug|Any CPU
		{8A1051DC-E3D4-4AE3-A5BF-30C534DD1020}.Release|Any CPU.ActiveCfg = Release|Any CPU
		{8A1051DC-E3D4-4AE3-A5BF-30C534DD1020}.Release|Any CPU.Build.0 = Release|Any CPU
	EndGlobalSection
	GlobalSection(SolutionProperties) = preSolution
		HideSolutionNode = FALSE
	EndGlobalSection
	GlobalSection(ExtensibilityGlobals) = postSolution
		SolutionGuid = {FA8C9335-DBF5-4824-BB33-28F2686A3EE9}
	EndGlobalSection
EndGlobal
